<?xml version="1.0" encoding="UTF-8" standalone="yes" ?>
<CodeBlocks_project_file>
	<FileVersion major="1" minor="6" />
	<Project>
		<Option title="zLibraries_driver" />
		<Option pch_mode="2" />
		<Option compiler="gcc" />
		<Build>
			<Target title="Debug">
				<Option output="bin/Debug/zLibraries_driver" prefix_auto="1" extension_auto="1" />
				<Option object_output="obj/Debug/" />
				<Option type="1" />
				<Option compiler="gcc" />
				<Compiler>
					<Add option="-std=c++11" />
					<Add option="-g" />
					<Add option="-U__STRICT_ANSI__" />
					<Add directory="/home/zwesterman/Repos/zLibraries/" />
				</Compiler>
				<Linker>
					<Add option="-ldl" />
				</Linker>
			</Target>
			<Target title="Release">
				<Option output="bin/Release/zLibraries_driver" prefix_auto="1" extension_auto="1" />
				<Option object_output="obj/Release/" />
				<Option type="1" />
				<Option compiler="gcc" />
				<Compiler>
					<Add option="-O2" />
				</Compiler>
				<Linker>
					<Add option="-s" />
				</Linker>
			</Target>
		</Build>
		<Compiler>
			<Add option="-Wall" />
			<Add option="-fexceptions" />
		</Compiler>
		<Unit filename="main.cpp" />
		<Unit filename="z/core.h" />
		<Unit filename="z/core/array.h" />
		<Unit filename="z/core/charFunctions.h" />
		<Unit filename="z/core/dynamicStack.h" />
		<Unit filename="z/core/pause.h" />
		<Unit filename="z/core/refArray.h" />
		<Unit filename="z/core/sortedArray.h" />
		<Unit filename="z/core/sortedRefArray.h" />
		<Unit filename="z/core/stream.h" />
		<Unit filename="z/core/string.h" />
		<Unit filename="z/core/timeout.h" />
		<Unit filename="z/core/timer.h" />
		<Unit filename="z/file.h" />
		<Unit filename="z/file/copy.h" />
		<Unit filename="z/file/exists.h" />
		<Unit filename="z/file/info.h" />
		<Unit filename="z/file/library.h" />
		<Unit filename="z/file/list.h" />
		<Unit filename="z/file/makeDir.h" />
		<Unit filename="z/file/reader.h" />
		<Unit filename="z/file/shorten.h" />
		<Unit filename="z/file/writer.h" />
		<Unit filename="z/float.h" />
		<Unit filename="z/math.h" />
		<Unit filename="z/math/constants.h" />
		<Unit filename="z/math/factorial.h" />
		<Unit filename="z/math/fibonacci.h" />
		<Unit filename="z/math/gcd.h" />
		<Unit filename="z/math/matrix.h" />
		<Unit filename="z/math/remainder.h" />
		<Unit filename="z/math/zeta.h" />
		<Extensions>
			<code_completion />
			<envvars />
			<debugger />
		</Extensions>
	</Project>
</CodeBlocks_project_file>
